
Microsoft Visual Studio Solution File, Format Version 12.00
# Visual Studio 2012
Project("{FAE04EC0-301F-11D3-BF4B-00C04F79EFBC}") = "ThreadPool", "ThreadPool\ThreadPool.csproj", "{F61843DF-0818-4E3C-819B-1FA6008F296D}"
EndProject
Global
	GlobalSection(SolutionConfigurationPlatforms) = preSolution
		Debug|Any CPU = Debug|Any CPU
		Release|Any CPU = Release|Any CPU
	EndGlobalSection
	GlobalSection(ProjectConfigurationPlatforms) = postSolution
		{F61843DF-0818-4E3C-819B-1FA6008F296D}.Debug|Any CPU.ActiveCfg = Debug|Any CPU
		{F61843DF-0818-4E3C-819B-1FA6008F296D}.Debug|Any CPU.Build.0 = Debug|Any CPU
		{F61843DF-0818-4E3C-819B-1FA6008F296D}.Release|Any CPU.ActiveCfg = Release|Any CPU
		{F61843DF-0818-4E3C-819B-1FA6008F296D}.Release|Any CPU.Build.0 = Release|Any CPU
	EndGlobalSection
	GlobalSection(SolutionProperties) = preSolution
		HideSolutionNode = FALSE
	EndGlobalSection
EndGlobal
