
Microsoft Visual Studio Solution File, Format Version 12.00
# Visual Studio 2012
Project("{A0786B88-2ADB-4C21-ABE8-AA2D79766269}") = "Learn Php", "Learn Php\Learn Php.phpproj", "{B0132122-7445-40C4-B3D2-5C54F04E435F}"
EndProject
Global
	GlobalSection(SolutionConfigurationPlatforms) = preSolution
		Debug|Any CPU = Debug|Any CPU
		Release|Any CPU = Release|Any CPU
	EndGlobalSection
	GlobalSection(ProjectConfigurationPlatforms) = postSolution
		{B0132122-7445-40C4-B3D2-5C54F04E435F}.Debug|Any CPU.ActiveCfg = Debug|Any CPU
		{B0132122-7445-40C4-B3D2-5C54F04E435F}.Debug|Any CPU.Build.0 = Debug|Any CPU
		{B0132122-7445-40C4-B3D2-5C54F04E435F}.Release|Any CPU.ActiveCfg = Release|Any CPU
		{B0132122-7445-40C4-B3D2-5C54F04E435F}.Release|Any CPU.Build.0 = Release|Any CPU
	EndGlobalSection
	GlobalSection(SolutionProperties) = preSolution
		HideSolutionNode = FALSE
	EndGlobalSection
EndGlobal
